{
  "version": 4,
  "terraform_version": "0.12.12",
  "serial": 390,
  "lineage": "0fa6e60b-30a6-2e15-e4f4-98abb268c89a",
  "outputs": {},
  "resources": [
    {
      "mode": "managed",
      "type": "aws_internet_gateway",
      "name": "main_aig",
      "provider": "provider.aws",
      "instances": [
        {
          "schema_version": 0,
          "attributes": {
            "id": "igw-029a11d7b4d0d940f",
            "owner_id": "179966331834",
            "tags": {
              "Name": "Gateway Terraform Demo"
            },
            "vpc_id": "vpc-0f165b771348da510"
          },
          "private": "bnVsbA==",
          "depends_on": [
            "aws_vpc.main_vpc"
          ]
        }
      ]
    },
    {
      "mode": "managed",
      "type": "aws_key_pair",
      "name": "ssh_default",
      "provider": "provider.aws",
      "instances": [
        {
          "schema_version": 1,
          "attributes": {
            "fingerprint": "6e:00:57:cc:71:13:fe:73:f5:33:70:ad:7f:84:29:6f",
            "id": "ssh_webserver",
            "key_name": "ssh_webserver",
            "key_name_prefix": null,
            "public_key": "ssh-rsa AAAAB3NzaC1yc2EAAAADAQABAAACAQDWpKTQ+kEUhMT8dJzzRwBo51N7xQNe5Fh5UhOz2aikW9MQn+IcegjYegf4+ZLsi4c9wo/qvOniBFgQl7agNE07HQoDsB+2Mw1D8D8DeCqF+kkachlVdFw5WkNjdk1UhNTwUh0njxh6tT939cZl/9gOQ/l7u/YaTVNdtyhyb0i80tffmICOiXYTNVHXJ40ZFrXkqOWkuB60O6PqRrZE+evFoIhfpPwUW1jEEYZKlh+YoVCcRSQIzOdTi2Yla9q0SgxQDAKKODNDGvqJLlTdDxE5oE4vA+/8haJbvfGDurxtpx9IATUeuibyhGRIF0lNB7P6HTTN7GqoGI5rZtv0nJhdmaUYTa25m39a5axa7S4mC3/fa+tCkktIi+v6tQDPiIGHi0+LkgxNs4oR6MkYGQ4E+xJjolvCkQpmRteAz7JCF6zesowPIH0uUfr9aozz3MyPhYram89xAEe8rYj6CElM9pxcDVIfGVUW9Xhkr+y5dmyXHN+PMl2I6Kthn0XTAFM+BIxVDSlthDUv3Buf18SAvzhqLPW1yYZtI3dSGN1FEe/UjafAnA5JhXotRp29a1ytjOxqiuesbT/hkgXORnmGE9aPkCbdXnep3XRGDkHA729lszoBlfSFGIAd83uEJA04jKxcKLf822Ti4uRlTz/EGztpfcx25O4hPnb3pqCXvw== jontambi.business@gmail.com"
          },
          "private": "eyJzY2hlbWFfdmVyc2lvbiI6IjEifQ=="
        }
      ]
    },
    {
      "mode": "managed",
      "type": "aws_route_table",
      "name": "default_route",
      "provider": "provider.aws",
      "instances": [
        {
          "schema_version": 0,
          "attributes": {
            "id": "rtb-0dc7c03fa3f456b27",
            "owner_id": "179966331834",
            "propagating_vgws": [],
            "route": [
              {
                "cidr_block": "0.0.0.0/0",
                "egress_only_gateway_id": "",
                "gateway_id": "igw-029a11d7b4d0d940f",
                "instance_id": "",
                "ipv6_cidr_block": "",
                "nat_gateway_id": "",
                "network_interface_id": "",
                "transit_gateway_id": "",
                "vpc_peering_connection_id": ""
              }
            ],
            "tags": {
              "Name": "Route Table Terraform Demo"
            },
            "vpc_id": "vpc-0f165b771348da510"
          },
          "private": "bnVsbA==",
          "depends_on": [
            "aws_internet_gateway.main_aig",
            "aws_vpc.main_vpc"
          ]
        }
      ]
    },
    {
      "mode": "managed",
      "type": "aws_route_table_association",
      "name": "main_rta_subnet_public",
      "provider": "provider.aws",
      "instances": [
        {
          "schema_version": 0,
          "attributes": {
            "id": "rtbassoc-0e0e1df97bd46bc3b",
            "route_table_id": "rtb-0dc7c03fa3f456b27",
            "subnet_id": "subnet-0dea9c26f5e1772fe"
          },
          "private": "bnVsbA==",
          "depends_on": [
            "aws_route_table.default_route",
            "aws_subnet.main_subnet"
          ]
        }
      ]
    },
    {
      "mode": "managed",
      "type": "aws_subnet",
      "name": "main_subnet",
      "provider": "provider.aws",
      "instances": [
        {
          "schema_version": 1,
          "attributes": {
            "arn": "arn:aws:ec2:us-east-1:179966331834:subnet/subnet-0dea9c26f5e1772fe",
            "assign_ipv6_address_on_creation": false,
            "availability_zone": "us-east-1a",
            "availability_zone_id": "use1-az1",
            "cidr_block": "10.1.10.0/24",
            "id": "subnet-0dea9c26f5e1772fe",
            "ipv6_cidr_block": "",
            "ipv6_cidr_block_association_id": "",
            "map_public_ip_on_launch": false,
            "owner_id": "179966331834",
            "tags": {
              "Name": "Subnet Terraform Demo"
            },
            "timeouts": null,
            "vpc_id": "vpc-0f165b771348da510"
          },
          "private": "eyJlMmJmYjczMC1lY2FhLTExZTYtOGY4OC0zNDM2M2JjN2M0YzAiOnsiY3JlYXRlIjo2MDAwMDAwMDAwMDAsImRlbGV0ZSI6MTIwMDAwMDAwMDAwMH0sInNjaGVtYV92ZXJzaW9uIjoiMSJ9",
          "depends_on": [
            "aws_vpc.main_vpc"
          ]
        }
      ]
    },
    {
      "mode": "managed",
      "type": "aws_vpc",
      "name": "main_vpc",
      "provider": "provider.aws",
      "instances": [
        {
          "schema_version": 1,
          "attributes": {
            "arn": "arn:aws:ec2:us-east-1:179966331834:vpc/vpc-0f165b771348da510",
            "assign_generated_ipv6_cidr_block": false,
            "cidr_block": "10.1.0.0/16",
            "default_network_acl_id": "acl-08a32588c53b1122e",
            "default_route_table_id": "rtb-05d79319219967fe0",
            "default_security_group_id": "sg-094167d0a5273abc9",
            "dhcp_options_id": "dopt-d5d038ae",
            "enable_classiclink": false,
            "enable_classiclink_dns_support": false,
            "enable_dns_hostnames": true,
            "enable_dns_support": true,
            "id": "vpc-0f165b771348da510",
            "instance_tenancy": "default",
            "ipv6_association_id": "",
            "ipv6_cidr_block": "",
            "main_route_table_id": "rtb-05d79319219967fe0",
            "owner_id": "179966331834",
            "tags": {
              "Name": "VPC Terraform Demo"
            }
          },
          "private": "eyJzY2hlbWFfdmVyc2lvbiI6IjEifQ=="
        }
      ]
    }
  ]
}
