{
  "version": 4,
  "terraform_version": "0.12.12",
  "serial": 320,
  "lineage": "0fa6e60b-30a6-2e15-e4f4-98abb268c89a",
  "outputs": {
    "public_ip": {
      "value": "3.233.183.142",
      "type": "string"
    }
  },
  "resources": [
    {
      "mode": "managed",
      "type": "aws_eip",
      "name": "ip_server",
      "provider": "provider.aws",
      "instances": [
        {
          "schema_version": 0,
          "attributes": {
            "allocation_id": null,
            "associate_with_private_ip": null,
            "association_id": "eipassoc-038b61ad96c8ccc56",
            "domain": "vpc",
            "id": "eipalloc-0f142104c14e08b49",
            "instance": "i-07ea1019ae184d658",
            "network_interface": "eni-0ec9aab4b2fe00454",
            "private_dns": "ip-10-1-10-87.ec2.internal",
            "private_ip": "10.1.10.87",
            "public_dns": "ec2-3-233-183-142.compute-1.amazonaws.com",
            "public_ip": "3.233.183.142",
            "public_ipv4_pool": "amazon",
            "tags": null,
            "timeouts": null,
            "vpc": true
          },
          "private": "eyJlMmJmYjczMC1lY2FhLTExZTYtOGY4OC0zNDM2M2JjN2M0YzAiOnsiZGVsZXRlIjoxODAwMDAwMDAwMDAsInJlYWQiOjkwMDAwMDAwMDAwMCwidXBkYXRlIjozMDAwMDAwMDAwMDB9fQ==",
          "depends_on": [
            "aws_instance.webserver",
            "aws_internet_gateway.main_aig"
          ]
        }
      ]
    },
    {
      "mode": "managed",
      "type": "aws_instance",
      "name": "webserver",
      "provider": "provider.aws",
      "instances": [
        {
          "schema_version": 1,
          "attributes": {
            "ami": "ami-02eac2c0129f6376b",
            "arn": "arn:aws:ec2:us-east-1:179966331834:instance/i-07ea1019ae184d658",
            "associate_public_ip_address": false,
            "availability_zone": "us-east-1a",
            "cpu_core_count": 1,
            "cpu_threads_per_core": 1,
            "credit_specification": [
              {
                "cpu_credits": "standard"
              }
            ],
            "disable_api_termination": false,
            "ebs_block_device": [],
            "ebs_optimized": false,
            "ephemeral_block_device": [],
            "get_password_data": false,
            "host_id": null,
            "iam_instance_profile": "",
            "id": "i-07ea1019ae184d658",
            "instance_initiated_shutdown_behavior": null,
            "instance_state": "running",
            "instance_type": "t2.micro",
            "ipv6_address_count": 0,
            "ipv6_addresses": [],
            "key_name": "ssh_webserver",
            "monitoring": false,
            "network_interface": [],
            "network_interface_id": null,
            "password_data": "",
            "placement_group": "",
            "primary_network_interface_id": "eni-0ec9aab4b2fe00454",
            "private_dns": "ip-10-1-10-87.ec2.internal",
            "private_ip": "10.1.10.87",
            "public_dns": "",
            "public_ip": "",
            "root_block_device": [
              {
                "delete_on_termination": false,
                "encrypted": false,
                "iops": 100,
                "kms_key_id": "",
                "volume_id": "vol-0f37369ab5f368efb",
                "volume_size": 8,
                "volume_type": "gp2"
              }
            ],
            "security_groups": [],
            "source_dest_check": true,
            "subnet_id": "subnet-0a796481115cfc839",
            "tags": {
              "Name": "jenkins-demo"
            },
            "tenancy": "default",
            "timeouts": null,
            "user_data": null,
            "user_data_base64": null,
            "volume_tags": {},
            "vpc_security_group_ids": [
              "sg-0665e380906f9ff6c"
            ]
          },
          "private": "eyJlMmJmYjczMC1lY2FhLTExZTYtOGY4OC0zNDM2M2JjN2M0YzAiOnsiY3JlYXRlIjo2MDAwMDAwMDAwMDAsImRlbGV0ZSI6MTIwMDAwMDAwMDAwMCwidXBkYXRlIjo2MDAwMDAwMDAwMDB9LCJzY2hlbWFfdmVyc2lvbiI6IjEifQ==",
          "depends_on": [
            "aws_key_pair.ssh_default",
            "aws_security_group.ssh_allow",
            "aws_subnet.main_subnet"
          ]
        }
      ]
    },
    {
      "mode": "managed",
      "type": "aws_internet_gateway",
      "name": "main_aig",
      "provider": "provider.aws",
      "instances": [
        {
          "schema_version": 0,
          "attributes": {
            "id": "igw-0537bdf839bf38d32",
            "owner_id": "179966331834",
            "tags": null,
            "vpc_id": "vpc-03cca8a3643fbe782"
          },
          "private": "bnVsbA==",
          "depends_on": [
            "aws_vpc.main_vpc"
          ]
        }
      ]
    },
    {
      "mode": "managed",
      "type": "aws_key_pair",
      "name": "ssh_default",
      "provider": "provider.aws",
      "instances": [
        {
          "schema_version": 1,
          "attributes": {
            "fingerprint": "6e:00:57:cc:71:13:fe:73:f5:33:70:ad:7f:84:29:6f",
            "id": "ssh_webserver",
            "key_name": "ssh_webserver",
            "key_name_prefix": null,
            "public_key": "ssh-rsa AAAAB3NzaC1yc2EAAAADAQABAAACAQDWpKTQ+kEUhMT8dJzzRwBo51N7xQNe5Fh5UhOz2aikW9MQn+IcegjYegf4+ZLsi4c9wo/qvOniBFgQl7agNE07HQoDsB+2Mw1D8D8DeCqF+kkachlVdFw5WkNjdk1UhNTwUh0njxh6tT939cZl/9gOQ/l7u/YaTVNdtyhyb0i80tffmICOiXYTNVHXJ40ZFrXkqOWkuB60O6PqRrZE+evFoIhfpPwUW1jEEYZKlh+YoVCcRSQIzOdTi2Yla9q0SgxQDAKKODNDGvqJLlTdDxE5oE4vA+/8haJbvfGDurxtpx9IATUeuibyhGRIF0lNB7P6HTTN7GqoGI5rZtv0nJhdmaUYTa25m39a5axa7S4mC3/fa+tCkktIi+v6tQDPiIGHi0+LkgxNs4oR6MkYGQ4E+xJjolvCkQpmRteAz7JCF6zesowPIH0uUfr9aozz3MyPhYram89xAEe8rYj6CElM9pxcDVIfGVUW9Xhkr+y5dmyXHN+PMl2I6Kthn0XTAFM+BIxVDSlthDUv3Buf18SAvzhqLPW1yYZtI3dSGN1FEe/UjafAnA5JhXotRp29a1ytjOxqiuesbT/hkgXORnmGE9aPkCbdXnep3XRGDkHA729lszoBlfSFGIAd83uEJA04jKxcKLf822Ti4uRlTz/EGztpfcx25O4hPnb3pqCXvw== jontambi.business@gmail.com"
          },
          "private": "eyJzY2hlbWFfdmVyc2lvbiI6IjEifQ=="
        }
      ]
    },
    {
      "mode": "managed",
      "type": "aws_network_acl",
      "name": "main_allow",
      "provider": "provider.aws",
      "instances": [
        {
          "schema_version": 0,
          "attributes": {
            "egress": [
              {
                "action": "allow",
                "cidr_block": "0.0.0.0/0",
                "from_port": 0,
                "icmp_code": null,
                "icmp_type": null,
                "ipv6_cidr_block": "",
                "protocol": "-1",
                "rule_no": 100,
                "to_port": 0
              }
            ],
            "id": "acl-037d52bea728a7265",
            "ingress": [
              {
                "action": "allow",
                "cidr_block": "0.0.0.0/0",
                "from_port": 0,
                "icmp_code": null,
                "icmp_type": null,
                "ipv6_cidr_block": "",
                "protocol": "-1",
                "rule_no": 200,
                "to_port": 0
              }
            ],
            "owner_id": "179966331834",
            "subnet_id": null,
            "subnet_ids": [],
            "tags": null,
            "vpc_id": "vpc-03cca8a3643fbe782"
          },
          "private": "bnVsbA==",
          "depends_on": [
            "aws_vpc.main_vpc"
          ]
        }
      ]
    },
    {
      "mode": "managed",
      "type": "aws_route_table",
      "name": "default_route",
      "provider": "provider.aws",
      "instances": [
        {
          "schema_version": 0,
          "attributes": {
            "id": "rtb-033f7bbc26c81ab1f",
            "owner_id": "179966331834",
            "propagating_vgws": [],
            "route": [
              {
                "cidr_block": "0.0.0.0/0",
                "egress_only_gateway_id": "",
                "gateway_id": "igw-0537bdf839bf38d32",
                "instance_id": "",
                "ipv6_cidr_block": "",
                "nat_gateway_id": "",
                "network_interface_id": "",
                "transit_gateway_id": "",
                "vpc_peering_connection_id": ""
              }
            ],
            "tags": null,
            "vpc_id": "vpc-03cca8a3643fbe782"
          },
          "private": "bnVsbA==",
          "depends_on": [
            "aws_internet_gateway.main_aig",
            "aws_vpc.main_vpc"
          ]
        }
      ]
    },
    {
      "mode": "managed",
      "type": "aws_route_table_association",
      "name": "main_arta",
      "provider": "provider.aws",
      "instances": [
        {
          "schema_version": 0,
          "attributes": {
            "id": "rtbassoc-042df9e1520788985",
            "route_table_id": "rtb-033f7bbc26c81ab1f",
            "subnet_id": "subnet-0a796481115cfc839"
          },
          "private": "bnVsbA==",
          "depends_on": [
            "aws_route_table.default_route",
            "aws_subnet.main_subnet"
          ]
        }
      ]
    },
    {
      "mode": "managed",
      "type": "aws_security_group",
      "name": "http_allow",
      "provider": "provider.aws",
      "instances": [
        {
          "schema_version": 1,
          "attributes": {
            "arn": "arn:aws:ec2:us-east-1:179966331834:security-group/sg-01c903c397349cbf0",
            "description": "Allows all http traffic Jenkins",
            "egress": [],
            "id": "sg-01c903c397349cbf0",
            "ingress": [
              {
                "cidr_blocks": [
                  "0.0.0.0/0"
                ],
                "description": "",
                "from_port": 8080,
                "ipv6_cidr_blocks": [],
                "prefix_list_ids": [],
                "protocol": "tcp",
                "security_groups": [],
                "self": false,
                "to_port": 8080
              }
            ],
            "name": "Terraform Demo - Allow http traffic",
            "name_prefix": null,
            "owner_id": "179966331834",
            "revoke_rules_on_delete": false,
            "tags": null,
            "timeouts": null,
            "vpc_id": "vpc-03cca8a3643fbe782"
          },
          "private": "eyJlMmJmYjczMC1lY2FhLTExZTYtOGY4OC0zNDM2M2JjN2M0YzAiOnsiY3JlYXRlIjo2MDAwMDAwMDAwMDAsImRlbGV0ZSI6NjAwMDAwMDAwMDAwfSwic2NoZW1hX3ZlcnNpb24iOiIxIn0=",
          "depends_on": [
            "aws_vpc.main_vpc"
          ]
        }
      ]
    },
    {
      "mode": "managed",
      "type": "aws_security_group",
      "name": "ssh_allow",
      "provider": "provider.aws",
      "instances": [
        {
          "schema_version": 1,
          "attributes": {
            "arn": "arn:aws:ec2:us-east-1:179966331834:security-group/sg-0665e380906f9ff6c",
            "description": "Allows all ssh traffic",
            "egress": [
              {
                "cidr_blocks": [
                  "0.0.0.0/0"
                ],
                "description": "",
                "from_port": 0,
                "ipv6_cidr_blocks": [],
                "prefix_list_ids": [],
                "protocol": "-1",
                "security_groups": [],
                "self": false,
                "to_port": 0
              }
            ],
            "id": "sg-0665e380906f9ff6c",
            "ingress": [
              {
                "cidr_blocks": [
                  "0.0.0.0/0"
                ],
                "description": "",
                "from_port": 22,
                "ipv6_cidr_blocks": [],
                "prefix_list_ids": [],
                "protocol": "tcp",
                "security_groups": [],
                "self": false,
                "to_port": 22
              }
            ],
            "name": "Terraform Demo - Allow ssh traffic",
            "name_prefix": null,
            "owner_id": "179966331834",
            "revoke_rules_on_delete": false,
            "tags": null,
            "timeouts": null,
            "vpc_id": "vpc-03cca8a3643fbe782"
          },
          "private": "eyJlMmJmYjczMC1lY2FhLTExZTYtOGY4OC0zNDM2M2JjN2M0YzAiOnsiY3JlYXRlIjo2MDAwMDAwMDAwMDAsImRlbGV0ZSI6NjAwMDAwMDAwMDAwfSwic2NoZW1hX3ZlcnNpb24iOiIxIn0=",
          "depends_on": [
            "aws_vpc.main_vpc"
          ]
        }
      ]
    },
    {
      "mode": "managed",
      "type": "aws_subnet",
      "name": "main_subnet",
      "provider": "provider.aws",
      "instances": [
        {
          "schema_version": 1,
          "attributes": {
            "arn": "arn:aws:ec2:us-east-1:179966331834:subnet/subnet-0a796481115cfc839",
            "assign_ipv6_address_on_creation": false,
            "availability_zone": "us-east-1a",
            "availability_zone_id": "use1-az1",
            "cidr_block": "10.1.10.0/24",
            "id": "subnet-0a796481115cfc839",
            "ipv6_cidr_block": "",
            "ipv6_cidr_block_association_id": "",
            "map_public_ip_on_launch": false,
            "owner_id": "179966331834",
            "tags": null,
            "timeouts": null,
            "vpc_id": "vpc-03cca8a3643fbe782"
          },
          "private": "eyJlMmJmYjczMC1lY2FhLTExZTYtOGY4OC0zNDM2M2JjN2M0YzAiOnsiY3JlYXRlIjo2MDAwMDAwMDAwMDAsImRlbGV0ZSI6MTIwMDAwMDAwMDAwMH0sInNjaGVtYV92ZXJzaW9uIjoiMSJ9",
          "depends_on": [
            "aws_vpc.main_vpc"
          ]
        }
      ]
    },
    {
      "mode": "managed",
      "type": "aws_vpc",
      "name": "main_vpc",
      "provider": "provider.aws",
      "instances": [
        {
          "schema_version": 1,
          "attributes": {
            "arn": "arn:aws:ec2:us-east-1:179966331834:vpc/vpc-03cca8a3643fbe782",
            "assign_generated_ipv6_cidr_block": false,
            "cidr_block": "10.1.0.0/16",
            "default_network_acl_id": "acl-05a66622f516fd459",
            "default_route_table_id": "rtb-01d6de1fc2d1c1028",
            "default_security_group_id": "sg-04a7f401fc04a61f9",
            "dhcp_options_id": "dopt-d5d038ae",
            "enable_classiclink": false,
            "enable_classiclink_dns_support": false,
            "enable_dns_hostnames": false,
            "enable_dns_support": true,
            "id": "vpc-03cca8a3643fbe782",
            "instance_tenancy": "default",
            "ipv6_association_id": "",
            "ipv6_cidr_block": "",
            "main_route_table_id": "rtb-01d6de1fc2d1c1028",
            "owner_id": "179966331834",
            "tags": {
              "Name": "VPC terraform Demo"
            }
          },
          "private": "eyJzY2hlbWFfdmVyc2lvbiI6IjEifQ=="
        }
      ]
    },
    {
      "mode": "managed",
      "type": "null_resource",
      "name": "jenkins_provisioner",
      "provider": "provider.null",
      "instances": [
        {
          "status": "tainted",
          "schema_version": 0,
          "attributes": {
            "id": "8576682764076838242",
            "triggers": {
              "public_ip": ""
            }
          },
          "private": "bnVsbA==",
          "depends_on": [
            "aws_instance.webserver"
          ]
        }
      ]
    }
  ]
}
