{
  "version": 4,
  "terraform_version": "0.12.12",
  "serial": 8,
  "lineage": "0fa6e60b-30a6-2e15-e4f4-98abb268c89a",
  "outputs": {},
  "resources": [
    {
      "mode": "managed",
      "type": "aws_internet_gateway",
      "name": "main_aig",
      "provider": "provider.aws",
      "instances": [
        {
          "schema_version": 0,
          "attributes": {
            "id": "igw-0491646a35001bc0b",
            "owner_id": "179966331834",
            "tags": {},
            "vpc_id": "vpc-03688279114279507"
          },
          "private": "bnVsbA==",
          "depends_on": [
            "aws_vpc.main_vpc"
          ]
        }
      ]
    },
    {
      "mode": "managed",
      "type": "aws_route_table",
      "name": "default_route",
      "provider": "provider.aws",
      "instances": [
        {
          "schema_version": 0,
          "attributes": {
            "id": "rtb-002983106f6c29449",
            "owner_id": "179966331834",
            "propagating_vgws": [],
            "route": [
              {
                "cidr_block": "0.0.0.0/0",
                "egress_only_gateway_id": "",
                "gateway_id": "igw-0491646a35001bc0b",
                "instance_id": "",
                "ipv6_cidr_block": "",
                "nat_gateway_id": "",
                "network_interface_id": "",
                "transit_gateway_id": "",
                "vpc_peering_connection_id": ""
              }
            ],
            "tags": null,
            "vpc_id": "vpc-03688279114279507"
          },
          "private": "bnVsbA==",
          "depends_on": [
            "aws_internet_gateway.main_aig",
            "aws_vpc.main_vpc"
          ]
        }
      ]
    },
    {
      "mode": "managed",
      "type": "aws_route_table_association",
      "name": "main_arta",
      "provider": "provider.aws",
      "instances": [
        {
          "schema_version": 0,
          "attributes": {
            "id": "rtbassoc-0db23ede871124095",
            "route_table_id": "rtb-002983106f6c29449",
            "subnet_id": "subnet-05ed548eda6cd3772"
          },
          "private": "bnVsbA==",
          "depends_on": [
            "aws_route_table.default_route",
            "aws_subnet.main_subnet"
          ]
        }
      ]
    },
    {
      "mode": "managed",
      "type": "aws_subnet",
      "name": "main_subnet",
      "provider": "provider.aws",
      "instances": [
        {
          "schema_version": 1,
          "attributes": {
            "arn": "arn:aws:ec2:us-east-1:179966331834:subnet/subnet-05ed548eda6cd3772",
            "assign_ipv6_address_on_creation": false,
            "availability_zone": "us-east-1a",
            "availability_zone_id": "use1-az1",
            "cidr_block": "10.1.10.0/24",
            "id": "subnet-05ed548eda6cd3772",
            "ipv6_cidr_block": "",
            "ipv6_cidr_block_association_id": "",
            "map_public_ip_on_launch": false,
            "owner_id": "179966331834",
            "tags": {},
            "timeouts": null,
            "vpc_id": "vpc-03688279114279507"
          },
          "private": "eyJlMmJmYjczMC1lY2FhLTExZTYtOGY4OC0zNDM2M2JjN2M0YzAiOnsiY3JlYXRlIjo2MDAwMDAwMDAwMDAsImRlbGV0ZSI6MTIwMDAwMDAwMDAwMH0sInNjaGVtYV92ZXJzaW9uIjoiMSJ9",
          "depends_on": [
            "aws_vpc.main_vpc"
          ]
        }
      ]
    },
    {
      "mode": "managed",
      "type": "aws_vpc",
      "name": "main_vpc",
      "provider": "provider.aws",
      "instances": [
        {
          "schema_version": 1,
          "attributes": {
            "arn": "arn:aws:ec2:us-east-1:179966331834:vpc/vpc-03688279114279507",
            "assign_generated_ipv6_cidr_block": false,
            "cidr_block": "10.1.0.0/16",
            "default_network_acl_id": "acl-043bd336232f9722b",
            "default_route_table_id": "rtb-0d4d72116a9f4291d",
            "default_security_group_id": "sg-0080074b7d7fade38",
            "dhcp_options_id": "dopt-d5d038ae",
            "enable_classiclink": false,
            "enable_classiclink_dns_support": false,
            "enable_dns_hostnames": false,
            "enable_dns_support": true,
            "id": "vpc-03688279114279507",
            "instance_tenancy": "default",
            "ipv6_association_id": "",
            "ipv6_cidr_block": "",
            "main_route_table_id": "rtb-0d4d72116a9f4291d",
            "owner_id": "179966331834",
            "tags": {
              "Name": "VPC terraform Demo"
            }
          },
          "private": "eyJzY2hlbWFfdmVyc2lvbiI6IjEifQ=="
        }
      ]
    }
  ]
}
